
Microsoft Visual Studio Solution File, Format Version 12.00
# Visual Studio Version 16
VisualStudioVersion = 16.0.32630.194
MinimumVisualStudioVersion = 10.0.40219.1
Project("{FAE04EC0-301F-11D3-BF4B-00C04F79EFBC}") = "Leetcs2", "Leetcs2\Leetcs2.csproj", "{EF1BFA97-F856-4C1D-863C-FBC53CE0B77A}"
EndProject
Global
	GlobalSection(SolutionConfigurationPlatforms) = preSolution
		Debug|Any CPU = Debug|Any CPU
		Release|Any CPU = Release|Any CPU
	EndGlobalSection
	GlobalSection(ProjectConfigurationPlatforms) = postSolution
		{EF1BFA97-F856-4C1D-863C-FBC53CE0B77A}.Debug|Any CPU.ActiveCfg = Debug|Any CPU
		{EF1BFA97-F856-4C1D-863C-FBC53CE0B77A}.Debug|Any CPU.Build.0 = Debug|Any CPU
		{EF1BFA97-F856-4C1D-863C-FBC53CE0B77A}.Release|Any CPU.ActiveCfg = Release|Any CPU
		{EF1BFA97-F856-4C1D-863C-FBC53CE0B77A}.Release|Any CPU.Build.0 = Release|Any CPU
	EndGlobalSection
	GlobalSection(SolutionProperties) = preSolution
		HideSolutionNode = FALSE
	EndGlobalSection
	GlobalSection(ExtensibilityGlobals) = postSolution
		SolutionGuid = {28E20BC8-675C-40D9-93CD-B48E50B287DC}
	EndGlobalSection
EndGlobal
