
Microsoft Visual Studio Solution File, Format Version 12.00
# Visual Studio Version 17
VisualStudioVersion = 17.2.32630.192
MinimumVisualStudioVersion = 10.0.40219.1
Project("{FAE04EC0-301F-11D3-BF4B-00C04F79EFBC}") = "LeetCs", "LeetCs\LeetCs.csproj", "{B9DC3F30-B39C-403C-B892-40B5453C1D0E}"
EndProject
Global
	GlobalSection(SolutionConfigurationPlatforms) = preSolution
		Debug|Any CPU = Debug|Any CPU
		Release|Any CPU = Release|Any CPU
	EndGlobalSection
	GlobalSection(ProjectConfigurationPlatforms) = postSolution
		{B9DC3F30-B39C-403C-B892-40B5453C1D0E}.Debug|Any CPU.ActiveCfg = Debug|Any CPU
		{B9DC3F30-B39C-403C-B892-40B5453C1D0E}.Debug|Any CPU.Build.0 = Debug|Any CPU
		{B9DC3F30-B39C-403C-B892-40B5453C1D0E}.Release|Any CPU.ActiveCfg = Release|Any CPU
		{B9DC3F30-B39C-403C-B892-40B5453C1D0E}.Release|Any CPU.Build.0 = Release|Any CPU
	EndGlobalSection
	GlobalSection(SolutionProperties) = preSolution
		HideSolutionNode = FALSE
	EndGlobalSection
	GlobalSection(ExtensibilityGlobals) = postSolution
		SolutionGuid = {0A082E0C-FAB8-4596-8547-350DC593224C}
	EndGlobalSection
EndGlobal
